
Microsoft Visual Studio Solution File, Format Version 12.00
# Visual Studio Version 17
VisualStudioVersion = 17.8.34408.163
MinimumVisualStudioVersion = 10.0.40219.1
Project("{9A19103F-16F7-4668-BE54-9A1E7A4F7556}") = "GameDataParser", "GameDataParser\GameDataParser.csproj", "{08D01F94-E1CE-4F7A-B40A-C24BB9C101DB}"
EndProject
Project("{9A19103F-16F7-4668-BE54-9A1E7A4F7556}") = "AboutList", "AboutList\AboutList.csproj", "{2FB4470A-897E-4AF8-974B-3F4D7419C243}"
EndProject
Project("{9A19103F-16F7-4668-BE54-9A1E7A4F7556}") = "ReturnMinMax", "ReturnMinMax\ReturnMinMax.csproj", "{B7718A85-70BE-43A8-A8E4-1760F7395E56}"
EndProject
Project("{9A19103F-16F7-4668-BE54-9A1E7A4F7556}") = "GenericMethod", "GenericMethod\GenericMethod.csproj", "{CF6E7E6D-51B6-4088-9294-DAA39AAE688F}"
EndProject
Project("{9A19103F-16F7-4668-BE54-9A1E7A4F7556}") = "Linq", "Linq\Linq.csproj", "{09CE5A62-AF79-4984-B2F7-020AA20616F5}"
EndProject
Project("{9A19103F-16F7-4668-BE54-9A1E7A4F7556}") = "LINQAll", "LINQAll\LINQAll.csproj", "{8A82AC3C-3DA1-4F83-A846-415785C775FF}"
EndProject
Project("{9A19103F-16F7-4668-BE54-9A1E7A4F7556}") = "OutAndRef", "OutAndRef\OutAndRef.csproj", "{3D6B16F5-02BD-459E-B7F0-5D5FE147DF70}"
EndProject
Project("{9A19103F-16F7-4668-BE54-9A1E7A4F7556}") = "CSVReadWrite", "CSVReadWrite\CSVReadWrite.csproj", "{BE47A8C0-1D44-41E9-A7C7-BC00356C4371}"
EndProject
Project("{FAE04EC0-301F-11D3-BF4B-00C04F79EFBC}") = "ConsoleApp1", "ConsoleApp1\ConsoleApp1.csproj", "{B3B6F307-627C-4549-BFEB-E2F86477D4AF}"
EndProject
Project("{FAE04EC0-301F-11D3-BF4B-00C04F79EFBC}") = "EqualsOverrideClass", "EqualsOverrideClass\EqualsOverrideClass.csproj", "{EAB4EA0D-393A-4B48-B367-F3C30AED4580}"
EndProject
Global
	GlobalSection(SolutionConfigurationPlatforms) = preSolution
		Debug|Any CPU = Debug|Any CPU
		Release|Any CPU = Release|Any CPU
	EndGlobalSection
	GlobalSection(ProjectConfigurationPlatforms) = postSolution
		{08D01F94-E1CE-4F7A-B40A-C24BB9C101DB}.Debug|Any CPU.ActiveCfg = Debug|Any CPU
		{08D01F94-E1CE-4F7A-B40A-C24BB9C101DB}.Debug|Any CPU.Build.0 = Debug|Any CPU
		{08D01F94-E1CE-4F7A-B40A-C24BB9C101DB}.Release|Any CPU.ActiveCfg = Release|Any CPU
		{08D01F94-E1CE-4F7A-B40A-C24BB9C101DB}.Release|Any CPU.Build.0 = Release|Any CPU
		{2FB4470A-897E-4AF8-974B-3F4D7419C243}.Debug|Any CPU.ActiveCfg = Debug|Any CPU
		{2FB4470A-897E-4AF8-974B-3F4D7419C243}.Debug|Any CPU.Build.0 = Debug|Any CPU
		{2FB4470A-897E-4AF8-974B-3F4D7419C243}.Release|Any CPU.ActiveCfg = Release|Any CPU
		{2FB4470A-897E-4AF8-974B-3F4D7419C243}.Release|Any CPU.Build.0 = Release|Any CPU
		{B7718A85-70BE-43A8-A8E4-1760F7395E56}.Debug|Any CPU.ActiveCfg = Debug|Any CPU
		{B7718A85-70BE-43A8-A8E4-1760F7395E56}.Debug|Any CPU.Build.0 = Debug|Any CPU
		{B7718A85-70BE-43A8-A8E4-1760F7395E56}.Release|Any CPU.ActiveCfg = Release|Any CPU
		{B7718A85-70BE-43A8-A8E4-1760F7395E56}.Release|Any CPU.Build.0 = Release|Any CPU
		{CF6E7E6D-51B6-4088-9294-DAA39AAE688F}.Debug|Any CPU.ActiveCfg = Debug|Any CPU
		{CF6E7E6D-51B6-4088-9294-DAA39AAE688F}.Debug|Any CPU.Build.0 = Debug|Any CPU
		{CF6E7E6D-51B6-4088-9294-DAA39AAE688F}.Release|Any CPU.ActiveCfg = Release|Any CPU
		{CF6E7E6D-51B6-4088-9294-DAA39AAE688F}.Release|Any CPU.Build.0 = Release|Any CPU
		{09CE5A62-AF79-4984-B2F7-020AA20616F5}.Debug|Any CPU.ActiveCfg = Debug|Any CPU
		{09CE5A62-AF79-4984-B2F7-020AA20616F5}.Debug|Any CPU.Build.0 = Debug|Any CPU
		{09CE5A62-AF79-4984-B2F7-020AA20616F5}.Release|Any CPU.ActiveCfg = Release|Any CPU
		{09CE5A62-AF79-4984-B2F7-020AA20616F5}.Release|Any CPU.Build.0 = Release|Any CPU
		{8A82AC3C-3DA1-4F83-A846-415785C775FF}.Debug|Any CPU.ActiveCfg = Debug|Any CPU
		{8A82AC3C-3DA1-4F83-A846-415785C775FF}.Debug|Any CPU.Build.0 = Debug|Any CPU
		{8A82AC3C-3DA1-4F83-A846-415785C775FF}.Release|Any CPU.ActiveCfg = Release|Any CPU
		{8A82AC3C-3DA1-4F83-A846-415785C775FF}.Release|Any CPU.Build.0 = Release|Any CPU
		{3D6B16F5-02BD-459E-B7F0-5D5FE147DF70}.Debug|Any CPU.ActiveCfg = Debug|Any CPU
		{3D6B16F5-02BD-459E-B7F0-5D5FE147DF70}.Debug|Any CPU.Build.0 = Debug|Any CPU
		{3D6B16F5-02BD-459E-B7F0-5D5FE147DF70}.Release|Any CPU.ActiveCfg = Release|Any CPU
		{3D6B16F5-02BD-459E-B7F0-5D5FE147DF70}.Release|Any CPU.Build.0 = Release|Any CPU
		{BE47A8C0-1D44-41E9-A7C7-BC00356C4371}.Debug|Any CPU.ActiveCfg = Debug|Any CPU
		{BE47A8C0-1D44-41E9-A7C7-BC00356C4371}.Debug|Any CPU.Build.0 = Debug|Any CPU
		{BE47A8C0-1D44-41E9-A7C7-BC00356C4371}.Release|Any CPU.ActiveCfg = Release|Any CPU
		{BE47A8C0-1D44-41E9-A7C7-BC00356C4371}.Release|Any CPU.Build.0 = Release|Any CPU
		{B3B6F307-627C-4549-BFEB-E2F86477D4AF}.Debug|Any CPU.ActiveCfg = Debug|Any CPU
		{B3B6F307-627C-4549-BFEB-E2F86477D4AF}.Debug|Any CPU.Build.0 = Debug|Any CPU
		{B3B6F307-627C-4549-BFEB-E2F86477D4AF}.Release|Any CPU.ActiveCfg = Release|Any CPU
		{B3B6F307-627C-4549-BFEB-E2F86477D4AF}.Release|Any CPU.Build.0 = Release|Any CPU
		{EAB4EA0D-393A-4B48-B367-F3C30AED4580}.Debug|Any CPU.ActiveCfg = Debug|Any CPU
		{EAB4EA0D-393A-4B48-B367-F3C30AED4580}.Debug|Any CPU.Build.0 = Debug|Any CPU
		{EAB4EA0D-393A-4B48-B367-F3C30AED4580}.Release|Any CPU.ActiveCfg = Release|Any CPU
		{EAB4EA0D-393A-4B48-B367-F3C30AED4580}.Release|Any CPU.Build.0 = Release|Any CPU
	EndGlobalSection
	GlobalSection(SolutionProperties) = preSolution
		HideSolutionNode = FALSE
	EndGlobalSection
	GlobalSection(ExtensibilityGlobals) = postSolution
		SolutionGuid = {9F3EAB60-BAA8-461D-AAD5-82618CD1C4A2}
	EndGlobalSection
EndGlobal
