
Microsoft Visual Studio Solution File, Format Version 12.00
# Visual Studio Version 17
VisualStudioVersion = 17.8.34408.163
MinimumVisualStudioVersion = 10.0.40219.1
Project("{9A19103F-16F7-4668-BE54-9A1E7A4F7556}") = "Collectoins", "Collectoins.csproj", "{FA252488-403A-45F3-A54D-3595FA336AD9}"
EndProject
Project("{9A19103F-16F7-4668-BE54-9A1E7A4F7556}") = "generics", "..\generics\generics.csproj", "{3920EAD1-CE31-4B7A-8A4A-21803D02E040}"
EndProject
Project("{9A19103F-16F7-4668-BE54-9A1E7A4F7556}") = "BinarySearch", "..\BinarySearch\BinarySearch.csproj", "{2D963CB3-58D3-4F8B-8257-2B2F320080F6}"
EndProject
Project("{FAE04EC0-301F-11D3-BF4B-00C04F79EFBC}") = "HashSetExample", "..\HashSetExample\HashSetExample.csproj", "{B098489E-85AE-4ABF-A82F-DCC2C036BA72}"
EndProject
Project("{FAE04EC0-301F-11D3-BF4B-00C04F79EFBC}") = "QueueExample", "..\QueueExample\QueueExample.csproj", "{3A37506A-E5D0-45D3-BCF2-3CCE344A9673}"
EndProject
Project("{FAE04EC0-301F-11D3-BF4B-00C04F79EFBC}") = "StackExample", "..\StackExample\StackExample.csproj", "{5E7F8373-63E7-4F07-8B82-F333603DBACD}"
EndProject
Global
	GlobalSection(SolutionConfigurationPlatforms) = preSolution
		Debug|Any CPU = Debug|Any CPU
		Release|Any CPU = Release|Any CPU
	EndGlobalSection
	GlobalSection(ProjectConfigurationPlatforms) = postSolution
		{FA252488-403A-45F3-A54D-3595FA336AD9}.Debug|Any CPU.ActiveCfg = Debug|Any CPU
		{FA252488-403A-45F3-A54D-3595FA336AD9}.Debug|Any CPU.Build.0 = Debug|Any CPU
		{FA252488-403A-45F3-A54D-3595FA336AD9}.Release|Any CPU.ActiveCfg = Release|Any CPU
		{FA252488-403A-45F3-A54D-3595FA336AD9}.Release|Any CPU.Build.0 = Release|Any CPU
		{3920EAD1-CE31-4B7A-8A4A-21803D02E040}.Debug|Any CPU.ActiveCfg = Debug|Any CPU
		{3920EAD1-CE31-4B7A-8A4A-21803D02E040}.Debug|Any CPU.Build.0 = Debug|Any CPU
		{3920EAD1-CE31-4B7A-8A4A-21803D02E040}.Release|Any CPU.ActiveCfg = Release|Any CPU
		{3920EAD1-CE31-4B7A-8A4A-21803D02E040}.Release|Any CPU.Build.0 = Release|Any CPU
		{2D963CB3-58D3-4F8B-8257-2B2F320080F6}.Debug|Any CPU.ActiveCfg = Debug|Any CPU
		{2D963CB3-58D3-4F8B-8257-2B2F320080F6}.Debug|Any CPU.Build.0 = Debug|Any CPU
		{2D963CB3-58D3-4F8B-8257-2B2F320080F6}.Release|Any CPU.ActiveCfg = Release|Any CPU
		{2D963CB3-58D3-4F8B-8257-2B2F320080F6}.Release|Any CPU.Build.0 = Release|Any CPU
		{B098489E-85AE-4ABF-A82F-DCC2C036BA72}.Debug|Any CPU.ActiveCfg = Debug|Any CPU
		{B098489E-85AE-4ABF-A82F-DCC2C036BA72}.Debug|Any CPU.Build.0 = Debug|Any CPU
		{B098489E-85AE-4ABF-A82F-DCC2C036BA72}.Release|Any CPU.ActiveCfg = Release|Any CPU
		{B098489E-85AE-4ABF-A82F-DCC2C036BA72}.Release|Any CPU.Build.0 = Release|Any CPU
		{3A37506A-E5D0-45D3-BCF2-3CCE344A9673}.Debug|Any CPU.ActiveCfg = Debug|Any CPU
		{3A37506A-E5D0-45D3-BCF2-3CCE344A9673}.Debug|Any CPU.Build.0 = Debug|Any CPU
		{3A37506A-E5D0-45D3-BCF2-3CCE344A9673}.Release|Any CPU.ActiveCfg = Release|Any CPU
		{3A37506A-E5D0-45D3-BCF2-3CCE344A9673}.Release|Any CPU.Build.0 = Release|Any CPU
		{5E7F8373-63E7-4F07-8B82-F333603DBACD}.Debug|Any CPU.ActiveCfg = Debug|Any CPU
		{5E7F8373-63E7-4F07-8B82-F333603DBACD}.Debug|Any CPU.Build.0 = Debug|Any CPU
		{5E7F8373-63E7-4F07-8B82-F333603DBACD}.Release|Any CPU.ActiveCfg = Release|Any CPU
		{5E7F8373-63E7-4F07-8B82-F333603DBACD}.Release|Any CPU.Build.0 = Release|Any CPU
	EndGlobalSection
	GlobalSection(SolutionProperties) = preSolution
		HideSolutionNode = FALSE
	EndGlobalSection
	GlobalSection(ExtensibilityGlobals) = postSolution
		SolutionGuid = {4B17555A-5A9B-44F0-89EB-03C2B22F0728}
	EndGlobalSection
EndGlobal
