
Microsoft Visual Studio Solution File, Format Version 12.00
# Visual Studio Version 17
VisualStudioVersion = 17.8.34408.163
MinimumVisualStudioVersion = 10.0.40219.1
Project("{FAE04EC0-301F-11D3-BF4B-00C04F79EFBC}") = "StringManipulation", "StringManipulation\StringManipulation.csproj", "{F62ADFE5-4F3A-47C7-B5C0-2EBA45B79F13}"
EndProject
Project("{FAE04EC0-301F-11D3-BF4B-00C04F79EFBC}") = "CultureSpecificStringFormatting", "CultureSpecificStringFormatting\CultureSpecificStringFormatting.csproj", "{F7198B7A-ECEC-4F9F-98D4-E857D2451EF7}"
EndProject
Global
	GlobalSection(SolutionConfigurationPlatforms) = preSolution
		Debug|Any CPU = Debug|Any CPU
		Release|Any CPU = Release|Any CPU
	EndGlobalSection
	GlobalSection(ProjectConfigurationPlatforms) = postSolution
		{F62ADFE5-4F3A-47C7-B5C0-2EBA45B79F13}.Debug|Any CPU.ActiveCfg = Debug|Any CPU
		{F62ADFE5-4F3A-47C7-B5C0-2EBA45B79F13}.Debug|Any CPU.Build.0 = Debug|Any CPU
		{F62ADFE5-4F3A-47C7-B5C0-2EBA45B79F13}.Release|Any CPU.ActiveCfg = Release|Any CPU
		{F62ADFE5-4F3A-47C7-B5C0-2EBA45B79F13}.Release|Any CPU.Build.0 = Release|Any CPU
		{F7198B7A-ECEC-4F9F-98D4-E857D2451EF7}.Debug|Any CPU.ActiveCfg = Debug|Any CPU
		{F7198B7A-ECEC-4F9F-98D4-E857D2451EF7}.Debug|Any CPU.Build.0 = Debug|Any CPU
		{F7198B7A-ECEC-4F9F-98D4-E857D2451EF7}.Release|Any CPU.ActiveCfg = Release|Any CPU
		{F7198B7A-ECEC-4F9F-98D4-E857D2451EF7}.Release|Any CPU.Build.0 = Release|Any CPU
	EndGlobalSection
	GlobalSection(SolutionProperties) = preSolution
		HideSolutionNode = FALSE
	EndGlobalSection
	GlobalSection(ExtensibilityGlobals) = postSolution
		SolutionGuid = {330D0EA8-F045-43CA-AB92-3586A028621F}
	EndGlobalSection
EndGlobal
